
Microsoft Visual Studio Solution File, Format Version 12.00
# Visual Studio Version 16
VisualStudioVersion = 16.0.810.20
MinimumVisualStudioVersion = 10.0.40219.1
Project("{FAE04EC0-301F-11D3-BF4B-00C04F79EFBC}") = "Labo01", "Labo01.csproj", "{412CEAB1-1902-46D8-9D53-69BD9AE3E1CA}"
EndProject
Global
	GlobalSection(SolutionConfigurationPlatforms) = preSolution
		Debug|Any CPU = Debug|Any CPU
		Release|Any CPU = Release|Any CPU
	EndGlobalSection
	GlobalSection(ProjectConfigurationPlatforms) = postSolution
		{412CEAB1-1902-46D8-9D53-69BD9AE3E1CA}.Debug|Any CPU.ActiveCfg = Debug|Any CPU
		{412CEAB1-1902-46D8-9D53-69BD9AE3E1CA}.Debug|Any CPU.Build.0 = Debug|Any CPU
		{412CEAB1-1902-46D8-9D53-69BD9AE3E1CA}.Release|Any CPU.ActiveCfg = Release|Any CPU
		{412CEAB1-1902-46D8-9D53-69BD9AE3E1CA}.Release|Any CPU.Build.0 = Release|Any CPU
	EndGlobalSection
	GlobalSection(SolutionProperties) = preSolution
		HideSolutionNode = FALSE
	EndGlobalSection
	GlobalSection(ExtensibilityGlobals) = postSolution
		SolutionGuid = {118225C9-B0A0-4979-BC61-DF6E17E0E020}
	EndGlobalSection
EndGlobal
